
Microsoft Visual Studio Solution File, Format Version 12.00
# Visual Studio Version 17
VisualStudioVersion = 17.11.35312.102
MinimumVisualStudioVersion = 10.0.40219.1
Project("{FAE04EC0-301F-11D3-BF4B-00C04F79EFBC}") = "LoginService", "LoginService\LoginService.csproj", "{901DA649-F5C4-4E21-8CB1-B968310FC6B2}"
EndProject
Global
	GlobalSection(SolutionConfigurationPlatforms) = preSolution
		Debug|Any CPU = Debug|Any CPU
		Release|Any CPU = Release|Any CPU
	EndGlobalSection
	GlobalSection(ProjectConfigurationPlatforms) = postSolution
		{901DA649-F5C4-4E21-8CB1-B968310FC6B2}.Debug|Any CPU.ActiveCfg = Debug|Any CPU
		{901DA649-F5C4-4E21-8CB1-B968310FC6B2}.Debug|Any CPU.Build.0 = Debug|Any CPU
		{901DA649-F5C4-4E21-8CB1-B968310FC6B2}.Release|Any CPU.ActiveCfg = Release|Any CPU
		{901DA649-F5C4-4E21-8CB1-B968310FC6B2}.Release|Any CPU.Build.0 = Release|Any CPU
	EndGlobalSection
	GlobalSection(SolutionProperties) = preSolution
		HideSolutionNode = FALSE
	EndGlobalSection
	GlobalSection(ExtensibilityGlobals) = postSolution
		SolutionGuid = {9CB77870-D0CB-4577-A744-6D23C32D3B2C}
	EndGlobalSection
EndGlobal
